{
  "version": 4,
  "terraform_version": "0.12.28",
  "serial": 5,
  "lineage": "0f346bc9-36cb-2afa-a9ad-17ce06edb249",
  "outputs": {},
  "resources": [
    {
      "mode": "managed",
      "type": "aws_vpc",
      "name": "myvpc",
      "provider": "provider.aws",
      "instances": [
        {
          "schema_version": 1,
          "attributes": {
            "arn": "arn:aws:ec2:us-east-1:854771338813:vpc/vpc-0ede9057a47f7e37a",
            "assign_generated_ipv6_cidr_block": false,
            "cidr_block": "10.0.0.0/16",
            "default_network_acl_id": "acl-0bb21109706215273",
            "default_route_table_id": "rtb-0bbc638a269f170ea",
            "default_security_group_id": "sg-0b57b1e52566d1df3",
            "dhcp_options_id": "dopt-8a7ee5f0",
            "enable_classiclink": false,
            "enable_classiclink_dns_support": false,
            "enable_dns_hostnames": false,
            "enable_dns_support": true,
            "id": "vpc-0ede9057a47f7e37a",
            "instance_tenancy": "default",
            "ipv6_association_id": "",
            "ipv6_cidr_block": "",
            "main_route_table_id": "rtb-0bbc638a269f170ea",
            "owner_id": "854771338813",
            "tags": null
          },
          "private": "eyJzY2hlbWFfdmVyc2lvbiI6IjEifQ=="
        }
      ]
    }
  ]
}
