{
  "version": 4,
  "terraform_version": "0.12.28",
  "serial": 2,
  "lineage": "102de7b9-211f-2e60-da6d-9776f3a513c2",
  "outputs": {
    "vpcid": {
      "value": "vpc-08a406363ff197d73",
      "type": "string"
    }
  },
  "resources": [
    {
      "mode": "managed",
      "type": "aws_vpc",
      "name": "myvpc",
      "provider": "provider.aws",
      "instances": [
        {
          "schema_version": 1,
          "attributes": {
            "arn": "arn:aws:ec2:us-east-1:854771338813:vpc/vpc-08a406363ff197d73",
            "assign_generated_ipv6_cidr_block": false,
            "cidr_block": "10.0.0.0/16",
            "default_network_acl_id": "acl-0f75a2f961aeb5052",
            "default_route_table_id": "rtb-0f9845f69332c070d",
            "default_security_group_id": "sg-0a81cf99568b63e2f",
            "dhcp_options_id": "dopt-8a7ee5f0",
            "enable_classiclink": false,
            "enable_classiclink_dns_support": false,
            "enable_dns_hostnames": false,
            "enable_dns_support": true,
            "id": "vpc-08a406363ff197d73",
            "instance_tenancy": "default",
            "ipv6_association_id": "",
            "ipv6_cidr_block": "",
            "main_route_table_id": "rtb-0f9845f69332c070d",
            "owner_id": "854771338813",
            "tags": null
          },
          "private": "eyJzY2hlbWFfdmVyc2lvbiI6IjEifQ=="
        }
      ]
    }
  ]
}
